{
  "requires": true,
  "lockfileVersion": 1,
  "dependencies": {
    "express-error-handler": {
      "version": "1.1.0",
      "resolved": "https://registry.npmjs.org/express-error-handler/-/express-error-handler-1.1.0.tgz",
      "integrity": "sha1-/y7bH+3PyrHmAcYKqzVUmC8fZJc=",
      "requires": {
        "mout": "0.12.0"
      }
    },
    "mout": {
      "version": "0.12.0",
      "resolved": "https://registry.npmjs.org/mout/-/mout-0.12.0.tgz",
      "integrity": "sha1-bVskLuMx+dBMaOWPd6kaMGDoyss="
    }
  }
}
